{
  "name": "php",
  "lockfileVersion": 2,
  "requires": true,
  "packages": {
    "": {
      "dependencies": {
        "twilio-chat": "^5.0.1"
      }
    },
    "node_modules/@babel/runtime": {
      "version": "7.14.6",
      "resolved": "https://registry.npmjs.org/@babel/runtime/-/runtime-7.14.6.tgz",
      "integrity": "sha512-/PCB2uJ7oM44tz8YhC4Z/6PeOKXp4K588f+5M3clr1M4zbqztlo0XEfJ2LEzj/FgwfgGcIdl8n7YYjTCI0BYwg==",
      "dependencies": {
        "regenerator-runtime": "^0.13.4"
      },
      "engines": {
        "node": ">=6.9.0"
      }
    },
    "node_modules/async-limiter": {
      "version": "1.0.1",
      "resolved": "https://registry.npmjs.org/async-limiter/-/async-limiter-1.0.1.tgz",
      "integrity": "sha512-csOlWGAcRFJaI6m+F2WKdnMKr4HhdhFVBk0H/QbJFMCr+uO2kwohwXQPxw/9OCxp05r5ghVBFSyioixx3gfkNQ=="
    },
    "node_modules/core-js": {
      "version": "3.15.2",
      "resolved": "https://registry.npmjs.org/core-js/-/core-js-3.15.2.tgz",
      "integrity": "sha512-tKs41J7NJVuaya8DxIOCnl8QuPHx5/ZVbFo1oKgVl1qHFBBrDctzQGtuLjPpRdNTWmKPH6oEvgN/MUID+l485Q==",
      "hasInstallScript": true,
      "funding": {
        "type": "opencollective",
        "url": "https://opencollective.com/core-js"
      }
    },
    "node_modules/iso8601-duration": {
      "version": "1.2.0",
      "resolved": "https://registry.npmjs.org/iso8601-duration/-/iso8601-duration-1.2.0.tgz",
      "integrity": "sha512-ErTBd++b17E8nmWII1K1uZtBgD1E8RjyvwmxlCjPHNqHMD7gmcMHOw0E8Ro/6+QT4PhHRSnnMo7bxa1vFPkwhg=="
    },
    "node_modules/javascript-state-machine": {
      "version": "3.1.0",
      "resolved": "https://registry.npmjs.org/javascript-state-machine/-/javascript-state-machine-3.1.0.tgz",
      "integrity": "sha512-BwhYxQ1OPenBPXC735RgfB+ZUG8H3kjsx8hrYTgWnoy6TPipEy4fiicyhT2lxRKAXq9pG7CfFT8a2HLr6Hmwxg=="
    },
    "node_modules/loglevel": {
      "version": "1.7.1",
      "resolved": "https://registry.npmjs.org/loglevel/-/loglevel-1.7.1.tgz",
      "integrity": "sha512-Hesni4s5UkWkwCGJMQGAh71PaLUmKFM60dHvq0zi/vDhhrzuk+4GgNbTXJ12YYQJn6ZKBDNIjYcuQGKudvqrIw==",
      "engines": {
        "node": ">= 0.6.0"
      },
      "funding": {
        "type": "tidelift",
        "url": "https://tidelift.com/funding/github/npm/loglevel"
      }
    },
    "node_modules/operation-retrier": {
      "version": "4.0.1",
      "resolved": "https://registry.npmjs.org/operation-retrier/-/operation-retrier-4.0.1.tgz",
      "integrity": "sha512-jvzz0u9Ov9jSB/JV7Bb2EagRz4iwrH/3g08uLS1FvIbtgpvGhr9E2hIlnVsGy5Xj1xpyxCNbLwGYO+A/dPT0yA==",
      "dependencies": {
        "@babel/runtime": "^7.14.5",
        "core-js": "^3.14.0"
      }
    },
    "node_modules/platform": {
      "version": "1.3.6",
      "resolved": "https://registry.npmjs.org/platform/-/platform-1.3.6.tgz",
      "integrity": "sha512-fnWVljUchTro6RiCFvCXBbNhJc2NijN7oIQxbwsyL0buWJPG85v81ehlHI9fXrJsMNgTofEoWIQeClKpgxFLrg=="
    },
    "node_modules/regenerator-runtime": {
      "version": "0.13.7",
      "resolved": "https://registry.npmjs.org/regenerator-runtime/-/regenerator-runtime-0.13.7.tgz",
      "integrity": "sha512-a54FxoJDIr27pgf7IgeQGxmqUNYrcV338lf/6gH456HZ/PhX+5BcwHXG9ajESmwe6WRO0tAzRUrRmNONWgkrew=="
    },
    "node_modules/rfc6902": {
      "version": "3.1.1",
      "resolved": "https://registry.npmjs.org/rfc6902/-/rfc6902-3.1.1.tgz",
      "integrity": "sha512-aHiEm2S4mQSyyIaK7NVotfmVkgOOn1K9iuuSCIKJ8eIAte/8o06Vp06Z2NcLrmMahDmA+2F6oHx33P4NOQ1JnQ=="
    },
    "node_modules/twilio-chat": {
      "version": "5.0.1",
      "resolved": "https://registry.npmjs.org/twilio-chat/-/twilio-chat-5.0.1.tgz",
      "integrity": "sha512-EVeNuIrut/UnNIHUoaGT6fUo7sjhAUc+8NUD26WvwNKJklf+Q++AyJGMMO5DtSYqJljSFnKuLjmwXRt5nMsSRA==",
      "dependencies": {
        "@babel/runtime": "^7.14.5",
        "core-js": "^3.14.0",
        "iso8601-duration": "=1.2.0",
        "loglevel": "^1.6.6",
        "operation-retrier": "^4.0.1",
        "platform": "^1.3.6",
        "rfc6902": "^3.0.2",
        "twilio-mcs-client": "0.4.1",
        "twilio-notifications": "^0.5.11",
        "twilio-sdk-type-validator": "^0.1.3",
        "twilio-sync": "^1.0.0",
        "twilsock": "^0.6.1",
        "uuid": "^3.4.0"
      },
      "engines": {
        "node": ">=10"
      }
    },
    "node_modules/twilio-mcs-client": {
      "version": "0.4.1",
      "resolved": "https://registry.npmjs.org/twilio-mcs-client/-/twilio-mcs-client-0.4.1.tgz",
      "integrity": "sha512-RetNbvpZn6MJZ26R4EMNiWmbIkvZ7CIctcOQ5pURLh7fsx2YO99jNW9YtmzL2SUf2Hfm5aFXN9/N9kzKBrF0GQ==",
      "dependencies": {
        "loglevel": "^1.6.4",
        "operation-retrier": "^3.0.1",
        "xmlhttprequest": "^1.8.0"
      },
      "engines": {
        "node": ">=6"
      }
    },
    "node_modules/twilio-mcs-client/node_modules/operation-retrier": {
      "version": "3.0.1",
      "resolved": "https://registry.npmjs.org/operation-retrier/-/operation-retrier-3.0.1.tgz",
      "integrity": "sha512-lmrISisi5nbu0WNXBCMagrdJFwLUYFnaas87PgOMM3aNi+Z2YFvyC5K7/cAJuNUtpljztwJPzvp8bho02sAMAg=="
    },
    "node_modules/twilio-notifications": {
      "version": "0.5.12",
      "resolved": "https://registry.npmjs.org/twilio-notifications/-/twilio-notifications-0.5.12.tgz",
      "integrity": "sha512-tuL1jTsi5pnEHDV7jzS1eg6roQvjfFkS/Mn1cV+jxPt7c2p18ymDorsHZ85LgVE/OIm8aK5QrsPaaFxrFi3rVQ==",
      "dependencies": {
        "loglevel": "^1.6.3",
        "operation-retrier": "^3.0.0",
        "twilsock": "^0.6.2",
        "uuid": "^3.2.1"
      },
      "engines": {
        "node": ">=8"
      }
    },
    "node_modules/twilio-notifications/node_modules/operation-retrier": {
      "version": "3.0.1",
      "resolved": "https://registry.npmjs.org/operation-retrier/-/operation-retrier-3.0.1.tgz",
      "integrity": "sha512-lmrISisi5nbu0WNXBCMagrdJFwLUYFnaas87PgOMM3aNi+Z2YFvyC5K7/cAJuNUtpljztwJPzvp8bho02sAMAg=="
    },
    "node_modules/twilio-sdk-type-validator": {
      "version": "0.1.3",
      "resolved": "https://registry.npmjs.org/twilio-sdk-type-validator/-/twilio-sdk-type-validator-0.1.3.tgz",
      "integrity": "sha512-7QcQH3MXP912oPC7MSSqiZnE9MjMKKxckqNAZIDWgsII4M1pJw5YDql0WWG2VNuPweyAQoZveAgnpEs3EbMOEw==",
      "dependencies": {
        "@babel/runtime": "^7.14.5",
        "core-js": "^3.14.0"
      }
    },
    "node_modules/twilio-sync": {
      "version": "1.0.0",
      "resolved": "https://registry.npmjs.org/twilio-sync/-/twilio-sync-1.0.0.tgz",
      "integrity": "sha512-dWvUjzm06e6q9ZJpU9RhtYJz8Zi4xcAeLHfvMdpqeSEFcz0fPhbrFUC1Q+oZsWCLGPZq6UIy8nTqfICx381hEw==",
      "dependencies": {
        "loglevel": "^1.6.3",
        "operation-retrier": "^3.0.0",
        "platform": "^1.3.6",
        "twilio-notifications": "^0.5.12",
        "twilsock": "^0.6.2",
        "uuid": "^3.3.2"
      },
      "engines": {
        "node": ">=8"
      }
    },
    "node_modules/twilio-sync/node_modules/operation-retrier": {
      "version": "3.0.1",
      "resolved": "https://registry.npmjs.org/operation-retrier/-/operation-retrier-3.0.1.tgz",
      "integrity": "sha512-lmrISisi5nbu0WNXBCMagrdJFwLUYFnaas87PgOMM3aNi+Z2YFvyC5K7/cAJuNUtpljztwJPzvp8bho02sAMAg=="
    },
    "node_modules/twilsock": {
      "version": "0.6.2",
      "resolved": "https://registry.npmjs.org/twilsock/-/twilsock-0.6.2.tgz",
      "integrity": "sha512-Wk60XZxwFR5ooLkSLO5CGtBBXLT7VRbyPcg49D9icUqeAgm9McVZPPDq0kxVW4R4c3k4cppd1EvuhtUEejezCw==",
      "dependencies": {
        "javascript-state-machine": "^3.0.1",
        "loglevel": "^1.6.3",
        "operation-retrier": "^3.0.0",
        "platform": "^1.3.6",
        "uuid": "^3.2.1",
        "ws": "^5.1.0"
      },
      "engines": {
        "node": ">=8"
      }
    },
    "node_modules/twilsock/node_modules/operation-retrier": {
      "version": "3.0.1",
      "resolved": "https://registry.npmjs.org/operation-retrier/-/operation-retrier-3.0.1.tgz",
      "integrity": "sha512-lmrISisi5nbu0WNXBCMagrdJFwLUYFnaas87PgOMM3aNi+Z2YFvyC5K7/cAJuNUtpljztwJPzvp8bho02sAMAg=="
    },
    "node_modules/uuid": {
      "version": "3.4.0",
      "resolved": "https://registry.npmjs.org/uuid/-/uuid-3.4.0.tgz",
      "integrity": "sha512-HjSDRw6gZE5JMggctHBcjVak08+KEVhSIiDzFnT9S9aegmp85S/bReBVTb4QTFaRNptJ9kuYaNhnbNEOkbKb/A==",
      "deprecated": "Please upgrade  to version 7 or higher.  Older versions may use Math.random() in certain circumstances, which is known to be problematic.  See https://v8.dev/blog/math-random for details.",
      "bin": {
        "uuid": "bin/uuid"
      }
    },
    "node_modules/ws": {
      "version": "5.2.4",
      "resolved": "https://registry.npmjs.org/ws/-/ws-5.2.4.tgz",
      "integrity": "sha512-fFCejsuC8f9kOSu9FYaOw8CdO68O3h5v0lg4p74o8JqWpwTf9tniOD+nOB78aWoVSS6WptVUmDrp/KPsMVBWFQ==",
      "dependencies": {
        "async-limiter": "~1.0.0"
      }
    },
    "node_modules/xmlhttprequest": {
      "version": "1.8.0",
      "resolved": "https://registry.npmjs.org/xmlhttprequest/-/xmlhttprequest-1.8.0.tgz",
      "integrity": "sha1-Z/4HXFwk/vOfnWX197f+dRcZaPw=",
      "engines": {
        "node": ">=0.4.0"
      }
    }
  },
  "dependencies": {
    "@babel/runtime": {
      "version": "7.14.6",
      "resolved": "https://registry.npmjs.org/@babel/runtime/-/runtime-7.14.6.tgz",
      "integrity": "sha512-/PCB2uJ7oM44tz8YhC4Z/6PeOKXp4K588f+5M3clr1M4zbqztlo0XEfJ2LEzj/FgwfgGcIdl8n7YYjTCI0BYwg==",
      "requires": {
        "regenerator-runtime": "^0.13.4"
      }
    },
    "async-limiter": {
      "version": "1.0.1",
      "resolved": "https://registry.npmjs.org/async-limiter/-/async-limiter-1.0.1.tgz",
      "integrity": "sha512-csOlWGAcRFJaI6m+F2WKdnMKr4HhdhFVBk0H/QbJFMCr+uO2kwohwXQPxw/9OCxp05r5ghVBFSyioixx3gfkNQ=="
    },
    "core-js": {
      "version": "3.15.2",
      "resolved": "https://registry.npmjs.org/core-js/-/core-js-3.15.2.tgz",
      "integrity": "sha512-tKs41J7NJVuaya8DxIOCnl8QuPHx5/ZVbFo1oKgVl1qHFBBrDctzQGtuLjPpRdNTWmKPH6oEvgN/MUID+l485Q=="
    },
    "iso8601-duration": {
      "version": "1.2.0",
      "resolved": "https://registry.npmjs.org/iso8601-duration/-/iso8601-duration-1.2.0.tgz",
      "integrity": "sha512-ErTBd++b17E8nmWII1K1uZtBgD1E8RjyvwmxlCjPHNqHMD7gmcMHOw0E8Ro/6+QT4PhHRSnnMo7bxa1vFPkwhg=="
    },
    "javascript-state-machine": {
      "version": "3.1.0",
      "resolved": "https://registry.npmjs.org/javascript-state-machine/-/javascript-state-machine-3.1.0.tgz",
      "integrity": "sha512-BwhYxQ1OPenBPXC735RgfB+ZUG8H3kjsx8hrYTgWnoy6TPipEy4fiicyhT2lxRKAXq9pG7CfFT8a2HLr6Hmwxg=="
    },
    "loglevel": {
      "version": "1.7.1",
      "resolved": "https://registry.npmjs.org/loglevel/-/loglevel-1.7.1.tgz",
      "integrity": "sha512-Hesni4s5UkWkwCGJMQGAh71PaLUmKFM60dHvq0zi/vDhhrzuk+4GgNbTXJ12YYQJn6ZKBDNIjYcuQGKudvqrIw=="
    },
    "operation-retrier": {
      "version": "4.0.1",
      "resolved": "https://registry.npmjs.org/operation-retrier/-/operation-retrier-4.0.1.tgz",
      "integrity": "sha512-jvzz0u9Ov9jSB/JV7Bb2EagRz4iwrH/3g08uLS1FvIbtgpvGhr9E2hIlnVsGy5Xj1xpyxCNbLwGYO+A/dPT0yA==",
      "requires": {
        "@babel/runtime": "^7.14.5",
        "core-js": "^3.14.0"
      }
    },
    "platform": {
      "version": "1.3.6",
      "resolved": "https://registry.npmjs.org/platform/-/platform-1.3.6.tgz",
      "integrity": "sha512-fnWVljUchTro6RiCFvCXBbNhJc2NijN7oIQxbwsyL0buWJPG85v81ehlHI9fXrJsMNgTofEoWIQeClKpgxFLrg=="
    },
    "regenerator-runtime": {
      "version": "0.13.7",
      "resolved": "https://registry.npmjs.org/regenerator-runtime/-/regenerator-runtime-0.13.7.tgz",
      "integrity": "sha512-a54FxoJDIr27pgf7IgeQGxmqUNYrcV338lf/6gH456HZ/PhX+5BcwHXG9ajESmwe6WRO0tAzRUrRmNONWgkrew=="
    },
    "rfc6902": {
      "version": "3.1.1",
      "resolved": "https://registry.npmjs.org/rfc6902/-/rfc6902-3.1.1.tgz",
      "integrity": "sha512-aHiEm2S4mQSyyIaK7NVotfmVkgOOn1K9iuuSCIKJ8eIAte/8o06Vp06Z2NcLrmMahDmA+2F6oHx33P4NOQ1JnQ=="
    },
    "twilio-chat": {
      "version": "5.0.1",
      "resolved": "https://registry.npmjs.org/twilio-chat/-/twilio-chat-5.0.1.tgz",
      "integrity": "sha512-EVeNuIrut/UnNIHUoaGT6fUo7sjhAUc+8NUD26WvwNKJklf+Q++AyJGMMO5DtSYqJljSFnKuLjmwXRt5nMsSRA==",
      "requires": {
        "@babel/runtime": "^7.14.5",
        "core-js": "^3.14.0",
        "iso8601-duration": "=1.2.0",
        "loglevel": "^1.6.6",
        "operation-retrier": "^4.0.1",
        "platform": "^1.3.6",
        "rfc6902": "^3.0.2",
        "twilio-mcs-client": "0.4.1",
        "twilio-notifications": "^0.5.11",
        "twilio-sdk-type-validator": "^0.1.3",
        "twilio-sync": "^1.0.0",
        "twilsock": "^0.6.1",
        "uuid": "^3.4.0"
      }
    },
    "twilio-mcs-client": {
      "version": "0.4.1",
      "resolved": "https://registry.npmjs.org/twilio-mcs-client/-/twilio-mcs-client-0.4.1.tgz",
      "integrity": "sha512-RetNbvpZn6MJZ26R4EMNiWmbIkvZ7CIctcOQ5pURLh7fsx2YO99jNW9YtmzL2SUf2Hfm5aFXN9/N9kzKBrF0GQ==",
      "requires": {
        "loglevel": "^1.6.4",
        "operation-retrier": "^3.0.1",
        "xmlhttprequest": "^1.8.0"
      },
      "dependencies": {
        "operation-retrier": {
          "version": "3.0.1",
          "resolved": "https://registry.npmjs.org/operation-retrier/-/operation-retrier-3.0.1.tgz",
          "integrity": "sha512-lmrISisi5nbu0WNXBCMagrdJFwLUYFnaas87PgOMM3aNi+Z2YFvyC5K7/cAJuNUtpljztwJPzvp8bho02sAMAg=="
        }
      }
    },
    "twilio-notifications": {
      "version": "0.5.12",
      "resolved": "https://registry.npmjs.org/twilio-notifications/-/twilio-notifications-0.5.12.tgz",
      "integrity": "sha512-tuL1jTsi5pnEHDV7jzS1eg6roQvjfFkS/Mn1cV+jxPt7c2p18ymDorsHZ85LgVE/OIm8aK5QrsPaaFxrFi3rVQ==",
      "requires": {
        "loglevel": "^1.6.3",
        "operation-retrier": "^3.0.0",
        "twilsock": "^0.6.2",
        "uuid": "^3.2.1"
      },
      "dependencies": {
        "operation-retrier": {
          "version": "3.0.1",
          "resolved": "https://registry.npmjs.org/operation-retrier/-/operation-retrier-3.0.1.tgz",
          "integrity": "sha512-lmrISisi5nbu0WNXBCMagrdJFwLUYFnaas87PgOMM3aNi+Z2YFvyC5K7/cAJuNUtpljztwJPzvp8bho02sAMAg=="
        }
      }
    },
    "twilio-sdk-type-validator": {
      "version": "0.1.3",
      "resolved": "https://registry.npmjs.org/twilio-sdk-type-validator/-/twilio-sdk-type-validator-0.1.3.tgz",
      "integrity": "sha512-7QcQH3MXP912oPC7MSSqiZnE9MjMKKxckqNAZIDWgsII4M1pJw5YDql0WWG2VNuPweyAQoZveAgnpEs3EbMOEw==",
      "requires": {
        "@babel/runtime": "^7.14.5",
        "core-js": "^3.14.0"
      }
    },
    "twilio-sync": {
      "version": "1.0.0",
      "resolved": "https://registry.npmjs.org/twilio-sync/-/twilio-sync-1.0.0.tgz",
      "integrity": "sha512-dWvUjzm06e6q9ZJpU9RhtYJz8Zi4xcAeLHfvMdpqeSEFcz0fPhbrFUC1Q+oZsWCLGPZq6UIy8nTqfICx381hEw==",
      "requires": {
        "loglevel": "^1.6.3",
        "operation-retrier": "^3.0.0",
        "platform": "^1.3.6",
        "twilio-notifications": "^0.5.12",
        "twilsock": "^0.6.2",
        "uuid": "^3.3.2"
      },
      "dependencies": {
        "operation-retrier": {
          "version": "3.0.1",
          "resolved": "https://registry.npmjs.org/operation-retrier/-/operation-retrier-3.0.1.tgz",
          "integrity": "sha512-lmrISisi5nbu0WNXBCMagrdJFwLUYFnaas87PgOMM3aNi+Z2YFvyC5K7/cAJuNUtpljztwJPzvp8bho02sAMAg=="
        }
      }
    },
    "twilsock": {
      "version": "0.6.2",
      "resolved": "https://registry.npmjs.org/twilsock/-/twilsock-0.6.2.tgz",
      "integrity": "sha512-Wk60XZxwFR5ooLkSLO5CGtBBXLT7VRbyPcg49D9icUqeAgm9McVZPPDq0kxVW4R4c3k4cppd1EvuhtUEejezCw==",
      "requires": {
        "javascript-state-machine": "^3.0.1",
        "loglevel": "^1.6.3",
        "operation-retrier": "^3.0.0",
        "platform": "^1.3.6",
        "uuid": "^3.2.1",
        "ws": "^5.1.0"
      },
      "dependencies": {
        "operation-retrier": {
          "version": "3.0.1",
          "resolved": "https://registry.npmjs.org/operation-retrier/-/operation-retrier-3.0.1.tgz",
          "integrity": "sha512-lmrISisi5nbu0WNXBCMagrdJFwLUYFnaas87PgOMM3aNi+Z2YFvyC5K7/cAJuNUtpljztwJPzvp8bho02sAMAg=="
        }
      }
    },
    "uuid": {
      "version": "3.4.0",
      "resolved": "https://registry.npmjs.org/uuid/-/uuid-3.4.0.tgz",
      "integrity": "sha512-HjSDRw6gZE5JMggctHBcjVak08+KEVhSIiDzFnT9S9aegmp85S/bReBVTb4QTFaRNptJ9kuYaNhnbNEOkbKb/A=="
    },
    "ws": {
      "version": "5.2.4",
      "resolved": "https://registry.npmjs.org/ws/-/ws-5.2.4.tgz",
      "integrity": "sha512-fFCejsuC8f9kOSu9FYaOw8CdO68O3h5v0lg4p74o8JqWpwTf9tniOD+nOB78aWoVSS6WptVUmDrp/KPsMVBWFQ==",
      "requires": {
        "async-limiter": "~1.0.0"
      }
    },
    "xmlhttprequest": {
      "version": "1.8.0",
      "resolved": "https://registry.npmjs.org/xmlhttprequest/-/xmlhttprequest-1.8.0.tgz",
      "integrity": "sha1-Z/4HXFwk/vOfnWX197f+dRcZaPw="
    }
  }
}
