{
  "name": "php",
  "lockfileVersion": 2,
  "requires": true,
  "packages": {
    "": {
      "dependencies": {
        "twilio-chat": "^6.0.0"
      }
    },
    "node_modules/@babel/runtime": {
      "version": "7.20.6",
      "resolved": "https://registry.npmjs.org/@babel/runtime/-/runtime-7.20.6.tgz",
      "integrity": "sha512-Q+8MqP7TiHMWzSfwiJwXCjyf4GYA4Dgw3emg/7xmwsdLJOZUp+nMqcOwOzzYheuM1rhDu8FSj2l0aoMygEuXuA==",
      "dependencies": {
        "regenerator-runtime": "^0.13.11"
      },
      "engines": {
        "node": ">=6.9.0"
      }
    },
    "node_modules/@twilio/declarative-type-validator": {
      "version": "0.1.11",
      "resolved": "https://registry.npmjs.org/@twilio/declarative-type-validator/-/declarative-type-validator-0.1.11.tgz",
      "integrity": "sha512-yRAMLPD8j3k67UFvPeZvfTlKYuceiNq+iZ8a/ADzAbZMeaV0FMvsJmG97MH8yN/VdXY9hcscchsnc99bJ1sClw==",
      "dependencies": {
        "@babel/runtime": "^7.14.5",
        "core-js": "^3.17.3"
      },
      "engines": {
        "node": ">=14"
      }
    },
    "node_modules/@twilio/mcs-client": {
      "version": "0.5.3",
      "resolved": "https://registry.npmjs.org/@twilio/mcs-client/-/mcs-client-0.5.3.tgz",
      "integrity": "sha512-dZK4fxbFnN4n8lxRKBLdtyy8kVkicg00KrwZIuQHW2lwNQ0M0aCrMzCNR1PDx3m9RdpDeXDhO3BEYTl6RFRTLw==",
      "dependencies": {
        "@babel/runtime": "^7.14.5",
        "@twilio/declarative-type-validator": "^0.1.11",
        "@twilio/operation-retrier": "^4.0.7",
        "core-js": "^3.17.3",
        "loglevel": "^1.7.1",
        "xmlhttprequest": "^1.8.0"
      },
      "engines": {
        "node": ">=14"
      }
    },
    "node_modules/@twilio/notifications": {
      "version": "1.0.5",
      "resolved": "https://registry.npmjs.org/@twilio/notifications/-/notifications-1.0.5.tgz",
      "integrity": "sha512-iPZrgXav0BixE2bbJFy7ExQY9I+ZrgXDkvkbEJN37dMHx/5wTX3UO1vGWDxfnhOZPFIpmBuwoflPIOMYVsgm2w==",
      "dependencies": {
        "@babel/runtime": "^7.14.5",
        "@twilio/declarative-type-validator": "^0.1.11",
        "@twilio/operation-retrier": "^4.0.7",
        "core-js": "^3.17.3",
        "loglevel": "^1.6.3",
        "twilsock": "^0.12.2",
        "uuid": "^3.4.0"
      },
      "engines": {
        "node": ">=14"
      }
    },
    "node_modules/@twilio/operation-retrier": {
      "version": "4.0.9",
      "resolved": "https://registry.npmjs.org/@twilio/operation-retrier/-/operation-retrier-4.0.9.tgz",
      "integrity": "sha512-nFA+F0EDf+zfhiQng+UrMNTOTqWPsp+WE1WbcxdeRoSHYDF9yj/jDzhXLtNPrIyiKGoegXBjRPEVm9QOZkTr5g==",
      "dependencies": {
        "@babel/runtime": "^7.17.0",
        "core-js": "^3.17.3"
      },
      "engines": {
        "node": ">=14"
      }
    },
    "node_modules/@twilio/replay-event-emitter": {
      "version": "0.2.4",
      "resolved": "https://registry.npmjs.org/@twilio/replay-event-emitter/-/replay-event-emitter-0.2.4.tgz",
      "integrity": "sha512-TbyiO4348fXfaUcIB++cZcNugRBeJvxl7d08EoyAxjdyEnAoGe4GwnuF5sazXnykHGR3W/WaPf5GG9o1jNOf7A==",
      "dependencies": {
        "@babel/runtime": "^7.14.5",
        "core-js": "^3.17.3"
      },
      "engines": {
        "node": ">=14"
      }
    },
    "node_modules/async-limiter": {
      "version": "1.0.1",
      "resolved": "https://registry.npmjs.org/async-limiter/-/async-limiter-1.0.1.tgz",
      "integrity": "sha512-csOlWGAcRFJaI6m+F2WKdnMKr4HhdhFVBk0H/QbJFMCr+uO2kwohwXQPxw/9OCxp05r5ghVBFSyioixx3gfkNQ=="
    },
    "node_modules/core-js": {
      "version": "3.26.1",
      "resolved": "https://registry.npmjs.org/core-js/-/core-js-3.26.1.tgz",
      "integrity": "sha512-21491RRQVzUn0GGM9Z1Jrpr6PNPxPi+Za8OM9q4tksTSnlbXXGKK1nXNg/QvwFYettXvSX6zWKCtHHfjN4puyA==",
      "hasInstallScript": true,
      "funding": {
        "type": "opencollective",
        "url": "https://opencollective.com/core-js"
      }
    },
    "node_modules/iso8601-duration": {
      "version": "1.2.0",
      "resolved": "https://registry.npmjs.org/iso8601-duration/-/iso8601-duration-1.2.0.tgz",
      "integrity": "sha512-ErTBd++b17E8nmWII1K1uZtBgD1E8RjyvwmxlCjPHNqHMD7gmcMHOw0E8Ro/6+QT4PhHRSnnMo7bxa1vFPkwhg=="
    },
    "node_modules/javascript-state-machine": {
      "version": "3.1.0",
      "resolved": "https://registry.npmjs.org/javascript-state-machine/-/javascript-state-machine-3.1.0.tgz",
      "integrity": "sha512-BwhYxQ1OPenBPXC735RgfB+ZUG8H3kjsx8hrYTgWnoy6TPipEy4fiicyhT2lxRKAXq9pG7CfFT8a2HLr6Hmwxg=="
    },
    "node_modules/lodash.isequal": {
      "version": "4.5.0",
      "resolved": "https://registry.npmjs.org/lodash.isequal/-/lodash.isequal-4.5.0.tgz",
      "integrity": "sha512-pDo3lu8Jhfjqls6GkMgpahsF9kCyayhgykjyLMNFTKWrpVdAQtYyB4muAMWozBB4ig/dtWAmsMxLEI8wuz+DYQ=="
    },
    "node_modules/loglevel": {
      "version": "1.8.1",
      "resolved": "https://registry.npmjs.org/loglevel/-/loglevel-1.8.1.tgz",
      "integrity": "sha512-tCRIJM51SHjAayKwC+QAg8hT8vg6z7GSgLJKGvzuPb1Wc+hLzqtuVLxp6/HzSPOozuK+8ErAhy7U/sVzw8Dgfg==",
      "engines": {
        "node": ">= 0.6.0"
      },
      "funding": {
        "type": "tidelift",
        "url": "https://tidelift.com/funding/github/npm/loglevel"
      }
    },
    "node_modules/platform": {
      "version": "1.3.6",
      "resolved": "https://registry.npmjs.org/platform/-/platform-1.3.6.tgz",
      "integrity": "sha512-fnWVljUchTro6RiCFvCXBbNhJc2NijN7oIQxbwsyL0buWJPG85v81ehlHI9fXrJsMNgTofEoWIQeClKpgxFLrg=="
    },
    "node_modules/regenerator-runtime": {
      "version": "0.13.11",
      "resolved": "https://registry.npmjs.org/regenerator-runtime/-/regenerator-runtime-0.13.11.tgz",
      "integrity": "sha512-kY1AZVr2Ra+t+piVaJ4gxaFaReZVH40AKNo7UCX6W+dEwBo/2oZJzqfuN1qLq1oL45o56cPaTXELwrTh8Fpggg=="
    },
    "node_modules/twilio-chat": {
      "version": "6.0.0",
      "resolved": "https://registry.npmjs.org/twilio-chat/-/twilio-chat-6.0.0.tgz",
      "integrity": "sha512-dHdM7xMwkw86HtPwIRtzRXJYt/G213HcmdH7Dyx8DEKjd9KrDNHtp9dEFdxQL7TqdNNYX5F0c8jckRwvfzw3eA==",
      "dependencies": {
        "@babel/runtime": "^7.14.5",
        "@twilio/declarative-type-validator": "^0.1.10",
        "@twilio/mcs-client": "^0.5.2",
        "@twilio/notifications": "^1.0.4",
        "@twilio/operation-retrier": "^4.0.6",
        "@twilio/replay-event-emitter": "^0.2.3",
        "core-js": "^3.17.3",
        "iso8601-duration": "=1.2.0",
        "lodash.isequal": "^4.5.0",
        "loglevel": "^1.6.6",
        "platform": "^1.3.6",
        "twilio-sync": "^3.0.6",
        "twilsock": "^0.12.1",
        "uuid": "^3.4.0"
      },
      "engines": {
        "node": ">=14"
      }
    },
    "node_modules/twilio-sync": {
      "version": "3.2.2",
      "resolved": "https://registry.npmjs.org/twilio-sync/-/twilio-sync-3.2.2.tgz",
      "integrity": "sha512-Av2XsXAg2F3lqUYCSVPDDOmT/8V+Jf1jGa8QGgYZO0/ueX84bRFasPvZRB28UM2B1ituEly2mtH5vlpVnnar7A==",
      "dependencies": {
        "@babel/runtime": "^7.17.0",
        "@twilio/declarative-type-validator": "^0.2.1",
        "@twilio/operation-retrier": "^4.0.9",
        "@twilio/replay-event-emitter": "^0.3.1",
        "core-js": "^3.17.3",
        "iso8601-duration": "=1.2.0",
        "loglevel": "^1.8.0",
        "platform": "^1.3.6",
        "twilsock": "~0.12.2",
        "uuid": "^3.4.0"
      },
      "engines": {
        "node": ">=14"
      }
    },
    "node_modules/twilio-sync/node_modules/@twilio/declarative-type-validator": {
      "version": "0.2.1",
      "resolved": "https://registry.npmjs.org/@twilio/declarative-type-validator/-/declarative-type-validator-0.2.1.tgz",
      "integrity": "sha512-CKBYsH+bafRqLjZa4y9K52ObO7L9NPRg3+i+ewfF9KFBJZKErBKUzhLeLZcg7reiMo54kWOANUkGMKcEKWfjFA==",
      "dependencies": {
        "@babel/runtime": "^7.17.0",
        "core-js": "^3.17.3"
      },
      "engines": {
        "node": ">=14"
      }
    },
    "node_modules/twilio-sync/node_modules/@twilio/replay-event-emitter": {
      "version": "0.3.1",
      "resolved": "https://registry.npmjs.org/@twilio/replay-event-emitter/-/replay-event-emitter-0.3.1.tgz",
      "integrity": "sha512-zij2RhsnDW4HTv1e8YfFtuOP3VipWe3CBaLMI1sexkx2ld2HiNxXOd6UVOrqIZyBSgsCEmGUZSHKKcWvccHUdw==",
      "dependencies": {
        "@babel/runtime": "^7.17.0",
        "core-js": "^3.17.3"
      },
      "engines": {
        "node": ">=14"
      }
    },
    "node_modules/twilsock": {
      "version": "0.12.2",
      "resolved": "https://registry.npmjs.org/twilsock/-/twilsock-0.12.2.tgz",
      "integrity": "sha512-7G59f2TCEnxcY2ZBCzaZOPmMDoxDrK9lMTiA7UvuiKca37Dljbdlu2EHI3+d7gU1JHkH5GNCmyxqJzSbZodwXA==",
      "dependencies": {
        "@babel/runtime": "^7.14.5",
        "@twilio/declarative-type-validator": "^0.1.11",
        "@twilio/operation-retrier": "^4.0.7",
        "core-js": "^3.17.3",
        "iso8601-duration": "=1.2.0",
        "javascript-state-machine": "^3.1.0",
        "loglevel": "^1.6.3",
        "platform": "^1.3.6",
        "uuid": "^3.4.0",
        "ws": "^5.2.3"
      },
      "engines": {
        "node": ">=14"
      }
    },
    "node_modules/uuid": {
      "version": "3.4.0",
      "resolved": "https://registry.npmjs.org/uuid/-/uuid-3.4.0.tgz",
      "integrity": "sha512-HjSDRw6gZE5JMggctHBcjVak08+KEVhSIiDzFnT9S9aegmp85S/bReBVTb4QTFaRNptJ9kuYaNhnbNEOkbKb/A==",
      "deprecated": "Please upgrade  to version 7 or higher.  Older versions may use Math.random() in certain circumstances, which is known to be problematic.  See https://v8.dev/blog/math-random for details.",
      "bin": {
        "uuid": "bin/uuid"
      }
    },
    "node_modules/ws": {
      "version": "5.2.3",
      "resolved": "https://registry.npmjs.org/ws/-/ws-5.2.3.tgz",
      "integrity": "sha512-jZArVERrMsKUatIdnLzqvcfydI85dvd/Fp1u/VOpfdDWQ4c9qWXe+VIeAbQ5FrDwciAkr+lzofXLz3Kuf26AOA==",
      "dependencies": {
        "async-limiter": "~1.0.0"
      }
    },
    "node_modules/xmlhttprequest": {
      "version": "1.8.0",
      "resolved": "https://registry.npmjs.org/xmlhttprequest/-/xmlhttprequest-1.8.0.tgz",
      "integrity": "sha512-58Im/U0mlVBLM38NdZjHyhuMtCqa61469k2YP/AaPbvCoV9aQGUpbJBj1QRm2ytRiVQBD/fsw7L2bJGDVQswBA==",
      "engines": {
        "node": ">=0.4.0"
      }
    }
  },
  "dependencies": {
    "@babel/runtime": {
      "version": "7.20.6",
      "resolved": "https://registry.npmjs.org/@babel/runtime/-/runtime-7.20.6.tgz",
      "integrity": "sha512-Q+8MqP7TiHMWzSfwiJwXCjyf4GYA4Dgw3emg/7xmwsdLJOZUp+nMqcOwOzzYheuM1rhDu8FSj2l0aoMygEuXuA==",
      "requires": {
        "regenerator-runtime": "^0.13.11"
      }
    },
    "@twilio/declarative-type-validator": {
      "version": "0.1.11",
      "resolved": "https://registry.npmjs.org/@twilio/declarative-type-validator/-/declarative-type-validator-0.1.11.tgz",
      "integrity": "sha512-yRAMLPD8j3k67UFvPeZvfTlKYuceiNq+iZ8a/ADzAbZMeaV0FMvsJmG97MH8yN/VdXY9hcscchsnc99bJ1sClw==",
      "requires": {
        "@babel/runtime": "^7.14.5",
        "core-js": "^3.17.3"
      }
    },
    "@twilio/mcs-client": {
      "version": "0.5.3",
      "resolved": "https://registry.npmjs.org/@twilio/mcs-client/-/mcs-client-0.5.3.tgz",
      "integrity": "sha512-dZK4fxbFnN4n8lxRKBLdtyy8kVkicg00KrwZIuQHW2lwNQ0M0aCrMzCNR1PDx3m9RdpDeXDhO3BEYTl6RFRTLw==",
      "requires": {
        "@babel/runtime": "^7.14.5",
        "@twilio/declarative-type-validator": "^0.1.11",
        "@twilio/operation-retrier": "^4.0.7",
        "core-js": "^3.17.3",
        "loglevel": "^1.7.1",
        "xmlhttprequest": "^1.8.0"
      }
    },
    "@twilio/notifications": {
      "version": "1.0.5",
      "resolved": "https://registry.npmjs.org/@twilio/notifications/-/notifications-1.0.5.tgz",
      "integrity": "sha512-iPZrgXav0BixE2bbJFy7ExQY9I+ZrgXDkvkbEJN37dMHx/5wTX3UO1vGWDxfnhOZPFIpmBuwoflPIOMYVsgm2w==",
      "requires": {
        "@babel/runtime": "^7.14.5",
        "@twilio/declarative-type-validator": "^0.1.11",
        "@twilio/operation-retrier": "^4.0.7",
        "core-js": "^3.17.3",
        "loglevel": "^1.6.3",
        "twilsock": "^0.12.2",
        "uuid": "^3.4.0"
      }
    },
    "@twilio/operation-retrier": {
      "version": "4.0.9",
      "resolved": "https://registry.npmjs.org/@twilio/operation-retrier/-/operation-retrier-4.0.9.tgz",
      "integrity": "sha512-nFA+F0EDf+zfhiQng+UrMNTOTqWPsp+WE1WbcxdeRoSHYDF9yj/jDzhXLtNPrIyiKGoegXBjRPEVm9QOZkTr5g==",
      "requires": {
        "@babel/runtime": "^7.17.0",
        "core-js": "^3.17.3"
      }
    },
    "@twilio/replay-event-emitter": {
      "version": "0.2.4",
      "resolved": "https://registry.npmjs.org/@twilio/replay-event-emitter/-/replay-event-emitter-0.2.4.tgz",
      "integrity": "sha512-TbyiO4348fXfaUcIB++cZcNugRBeJvxl7d08EoyAxjdyEnAoGe4GwnuF5sazXnykHGR3W/WaPf5GG9o1jNOf7A==",
      "requires": {
        "@babel/runtime": "^7.14.5",
        "core-js": "^3.17.3"
      }
    },
    "async-limiter": {
      "version": "1.0.1",
      "resolved": "https://registry.npmjs.org/async-limiter/-/async-limiter-1.0.1.tgz",
      "integrity": "sha512-csOlWGAcRFJaI6m+F2WKdnMKr4HhdhFVBk0H/QbJFMCr+uO2kwohwXQPxw/9OCxp05r5ghVBFSyioixx3gfkNQ=="
    },
    "core-js": {
      "version": "3.26.1",
      "resolved": "https://registry.npmjs.org/core-js/-/core-js-3.26.1.tgz",
      "integrity": "sha512-21491RRQVzUn0GGM9Z1Jrpr6PNPxPi+Za8OM9q4tksTSnlbXXGKK1nXNg/QvwFYettXvSX6zWKCtHHfjN4puyA=="
    },
    "iso8601-duration": {
      "version": "1.2.0",
      "resolved": "https://registry.npmjs.org/iso8601-duration/-/iso8601-duration-1.2.0.tgz",
      "integrity": "sha512-ErTBd++b17E8nmWII1K1uZtBgD1E8RjyvwmxlCjPHNqHMD7gmcMHOw0E8Ro/6+QT4PhHRSnnMo7bxa1vFPkwhg=="
    },
    "javascript-state-machine": {
      "version": "3.1.0",
      "resolved": "https://registry.npmjs.org/javascript-state-machine/-/javascript-state-machine-3.1.0.tgz",
      "integrity": "sha512-BwhYxQ1OPenBPXC735RgfB+ZUG8H3kjsx8hrYTgWnoy6TPipEy4fiicyhT2lxRKAXq9pG7CfFT8a2HLr6Hmwxg=="
    },
    "lodash.isequal": {
      "version": "4.5.0",
      "resolved": "https://registry.npmjs.org/lodash.isequal/-/lodash.isequal-4.5.0.tgz",
      "integrity": "sha512-pDo3lu8Jhfjqls6GkMgpahsF9kCyayhgykjyLMNFTKWrpVdAQtYyB4muAMWozBB4ig/dtWAmsMxLEI8wuz+DYQ=="
    },
    "loglevel": {
      "version": "1.8.1",
      "resolved": "https://registry.npmjs.org/loglevel/-/loglevel-1.8.1.tgz",
      "integrity": "sha512-tCRIJM51SHjAayKwC+QAg8hT8vg6z7GSgLJKGvzuPb1Wc+hLzqtuVLxp6/HzSPOozuK+8ErAhy7U/sVzw8Dgfg=="
    },
    "platform": {
      "version": "1.3.6",
      "resolved": "https://registry.npmjs.org/platform/-/platform-1.3.6.tgz",
      "integrity": "sha512-fnWVljUchTro6RiCFvCXBbNhJc2NijN7oIQxbwsyL0buWJPG85v81ehlHI9fXrJsMNgTofEoWIQeClKpgxFLrg=="
    },
    "regenerator-runtime": {
      "version": "0.13.11",
      "resolved": "https://registry.npmjs.org/regenerator-runtime/-/regenerator-runtime-0.13.11.tgz",
      "integrity": "sha512-kY1AZVr2Ra+t+piVaJ4gxaFaReZVH40AKNo7UCX6W+dEwBo/2oZJzqfuN1qLq1oL45o56cPaTXELwrTh8Fpggg=="
    },
    "twilio-chat": {
      "version": "6.0.0",
      "resolved": "https://registry.npmjs.org/twilio-chat/-/twilio-chat-6.0.0.tgz",
      "integrity": "sha512-dHdM7xMwkw86HtPwIRtzRXJYt/G213HcmdH7Dyx8DEKjd9KrDNHtp9dEFdxQL7TqdNNYX5F0c8jckRwvfzw3eA==",
      "requires": {
        "@babel/runtime": "^7.14.5",
        "@twilio/declarative-type-validator": "^0.1.10",
        "@twilio/mcs-client": "^0.5.2",
        "@twilio/notifications": "^1.0.4",
        "@twilio/operation-retrier": "^4.0.6",
        "@twilio/replay-event-emitter": "^0.2.3",
        "core-js": "^3.17.3",
        "iso8601-duration": "=1.2.0",
        "lodash.isequal": "^4.5.0",
        "loglevel": "^1.6.6",
        "platform": "^1.3.6",
        "twilio-sync": "^3.0.6",
        "twilsock": "^0.12.1",
        "uuid": "^3.4.0"
      }
    },
    "twilio-sync": {
      "version": "3.2.2",
      "resolved": "https://registry.npmjs.org/twilio-sync/-/twilio-sync-3.2.2.tgz",
      "integrity": "sha512-Av2XsXAg2F3lqUYCSVPDDOmT/8V+Jf1jGa8QGgYZO0/ueX84bRFasPvZRB28UM2B1ituEly2mtH5vlpVnnar7A==",
      "requires": {
        "@babel/runtime": "^7.17.0",
        "@twilio/declarative-type-validator": "^0.2.1",
        "@twilio/operation-retrier": "^4.0.9",
        "@twilio/replay-event-emitter": "^0.3.1",
        "core-js": "^3.17.3",
        "iso8601-duration": "=1.2.0",
        "loglevel": "^1.8.0",
        "platform": "^1.3.6",
        "twilsock": "~0.12.2",
        "uuid": "^3.4.0"
      },
      "dependencies": {
        "@twilio/declarative-type-validator": {
          "version": "0.2.1",
          "resolved": "https://registry.npmjs.org/@twilio/declarative-type-validator/-/declarative-type-validator-0.2.1.tgz",
          "integrity": "sha512-CKBYsH+bafRqLjZa4y9K52ObO7L9NPRg3+i+ewfF9KFBJZKErBKUzhLeLZcg7reiMo54kWOANUkGMKcEKWfjFA==",
          "requires": {
            "@babel/runtime": "^7.17.0",
            "core-js": "^3.17.3"
          }
        },
        "@twilio/replay-event-emitter": {
          "version": "0.3.1",
          "resolved": "https://registry.npmjs.org/@twilio/replay-event-emitter/-/replay-event-emitter-0.3.1.tgz",
          "integrity": "sha512-zij2RhsnDW4HTv1e8YfFtuOP3VipWe3CBaLMI1sexkx2ld2HiNxXOd6UVOrqIZyBSgsCEmGUZSHKKcWvccHUdw==",
          "requires": {
            "@babel/runtime": "^7.17.0",
            "core-js": "^3.17.3"
          }
        }
      }
    },
    "twilsock": {
      "version": "0.12.2",
      "resolved": "https://registry.npmjs.org/twilsock/-/twilsock-0.12.2.tgz",
      "integrity": "sha512-7G59f2TCEnxcY2ZBCzaZOPmMDoxDrK9lMTiA7UvuiKca37Dljbdlu2EHI3+d7gU1JHkH5GNCmyxqJzSbZodwXA==",
      "requires": {
        "@babel/runtime": "^7.14.5",
        "@twilio/declarative-type-validator": "^0.1.11",
        "@twilio/operation-retrier": "^4.0.7",
        "core-js": "^3.17.3",
        "iso8601-duration": "=1.2.0",
        "javascript-state-machine": "^3.1.0",
        "loglevel": "^1.6.3",
        "platform": "^1.3.6",
        "uuid": "^3.4.0",
        "ws": "^5.2.3"
      }
    },
    "uuid": {
      "version": "3.4.0",
      "resolved": "https://registry.npmjs.org/uuid/-/uuid-3.4.0.tgz",
      "integrity": "sha512-HjSDRw6gZE5JMggctHBcjVak08+KEVhSIiDzFnT9S9aegmp85S/bReBVTb4QTFaRNptJ9kuYaNhnbNEOkbKb/A=="
    },
    "ws": {
      "version": "5.2.3",
      "resolved": "https://registry.npmjs.org/ws/-/ws-5.2.3.tgz",
      "integrity": "sha512-jZArVERrMsKUatIdnLzqvcfydI85dvd/Fp1u/VOpfdDWQ4c9qWXe+VIeAbQ5FrDwciAkr+lzofXLz3Kuf26AOA==",
      "requires": {
        "async-limiter": "~1.0.0"
      }
    },
    "xmlhttprequest": {
      "version": "1.8.0",
      "resolved": "https://registry.npmjs.org/xmlhttprequest/-/xmlhttprequest-1.8.0.tgz",
      "integrity": "sha512-58Im/U0mlVBLM38NdZjHyhuMtCqa61469k2YP/AaPbvCoV9aQGUpbJBj1QRm2ytRiVQBD/fsw7L2bJGDVQswBA=="
    }
  }
}
